
Microsoft Visual Studio Solution File, Format Version 12.00
# Visual Studio Version 17
VisualStudioVersion = 17.3.32922.545
MinimumVisualStudioVersion = 10.0.40219.1
Project("{2150E333-8FDC-42A3-9474-1A3956D46DE8}") = "src", "src", "{DF1F5D5C-CB34-4346-B471-FD1B401C87D7}"
EndProject
Project("{2150E333-8FDC-42A3-9474-1A3956D46DE8}") = "tests", "tests", "{5D09D3DA-9C23-4BBA-AD85-1967F1EBD843}"
EndProject
Project("{9A19103F-16F7-4668-BE54-9A1E7A4F7556}") = "FC.Codeflix.Catalog.UnitTests", "tests\FC.Codeflix.Catalog.UnitTests\FC.Codeflix.Catalog.UnitTests.csproj", "{F894F8A6-F39B-4CA7-A173-05B3260D662E}"
EndProject
Project("{9A19103F-16F7-4668-BE54-9A1E7A4F7556}") = "FC.Codeflix.Catalog.Domain", "src\FC.Codeflix.Catalog.Domain\FC.Codeflix.Catalog.Domain.csproj", "{92957254-A74B-4403-94C7-B4ED2694BE19}"
EndProject
Project("{2150E333-8FDC-42A3-9474-1A3956D46DE8}") = "Solution Items", "Solution Items", "{8AACBB5A-BA87-4013-B48B-FCC2F4E05C1E}"
	ProjectSection(SolutionItems) = preProject
		aulas.txt = aulas.txt
		leia-me.txt = leia-me.txt
	EndProjectSection
EndProject
Global
	GlobalSection(SolutionConfigurationPlatforms) = preSolution
		Debug|Any CPU = Debug|Any CPU
		Release|Any CPU = Release|Any CPU
	EndGlobalSection
	GlobalSection(ProjectConfigurationPlatforms) = postSolution
		{F894F8A6-F39B-4CA7-A173-05B3260D662E}.Debug|Any CPU.ActiveCfg = Debug|Any CPU
		{F894F8A6-F39B-4CA7-A173-05B3260D662E}.Debug|Any CPU.Build.0 = Debug|Any CPU
		{F894F8A6-F39B-4CA7-A173-05B3260D662E}.Release|Any CPU.ActiveCfg = Release|Any CPU
		{F894F8A6-F39B-4CA7-A173-05B3260D662E}.Release|Any CPU.Build.0 = Release|Any CPU
		{92957254-A74B-4403-94C7-B4ED2694BE19}.Debug|Any CPU.ActiveCfg = Debug|Any CPU
		{92957254-A74B-4403-94C7-B4ED2694BE19}.Debug|Any CPU.Build.0 = Debug|Any CPU
		{92957254-A74B-4403-94C7-B4ED2694BE19}.Release|Any CPU.ActiveCfg = Release|Any CPU
		{92957254-A74B-4403-94C7-B4ED2694BE19}.Release|Any CPU.Build.0 = Release|Any CPU
	EndGlobalSection
	GlobalSection(SolutionProperties) = preSolution
		HideSolutionNode = FALSE
	EndGlobalSection
	GlobalSection(NestedProjects) = preSolution
		{F894F8A6-F39B-4CA7-A173-05B3260D662E} = {5D09D3DA-9C23-4BBA-AD85-1967F1EBD843}
		{92957254-A74B-4403-94C7-B4ED2694BE19} = {DF1F5D5C-CB34-4346-B471-FD1B401C87D7}
	EndGlobalSection
	GlobalSection(ExtensibilityGlobals) = postSolution
		SolutionGuid = {F71146FD-5719-42E5-8E0E-A6393ABA516D}
	EndGlobalSection
EndGlobal
